PODS:
  - FMDB (2.7.5):
    - FMDB/standard (= 2.7.5)
  - FMDB/standard (2.7.5)
  - Masonry (1.1.0)
  - SDWebImage (5.11.1):
    - SDWebImage/Core (= 5.11.1)
  - SDWebImage/Core (5.11.1)
  - testPackage (1.0.3):
    - FMDB
    - Masonry
    - SDWebImage

DEPENDENCIES:
  - testPackage (from `../`)

SPEC REPOS:
  trunk:
    - FMDB
    - Masonry
    - SDWebImage

EXTERNAL SOURCES:
  testPackage:
    :path: "../"

SPEC CHECKSUMS:
  FMDB: 2ce00b547f966261cd18927a3ddb07cb6f3db82a
  Masonry: 678fab65091a9290e40e2832a55e7ab731aad201
  SDWebImage: a7f831e1a65eb5e285e3fb046a23fcfbf08e696d
  testPackage: 6958eb51b6c2db6ae840c00e3a50be4ebd5df326

PODFILE CHECKSUM: 1a413ea2896f537ab0c376352bdd39fb883c4c40

COCOAPODS: 1.10.1
